
Microsoft Visual Studio Solution File, Format Version 12.00
# Visual Studio Version 16
VisualStudioVersion = 16.0.30621.155
MinimumVisualStudioVersion = 10.0.40219.1
Project("{9A19103F-16F7-4668-BE54-9A1E7A4F7556}") = "MsSqlUI", "MsSqlUI\MsSqlUI.csproj", "{2271A4E3-64E5-4897-8D87-7E322DA79CC1}"
EndProject
Project("{9A19103F-16F7-4668-BE54-9A1E7A4F7556}") = "DataAccessLibrary", "DataAccessLibrary\DataAccessLibrary.csproj", "{D4F5D073-587A-480F-9C90-DAFBCCCD73E5}"
EndProject
Project("{9A19103F-16F7-4668-BE54-9A1E7A4F7556}") = "SqLiteUI", "SqLiteUI\SqLiteUI.csproj", "{BE8E8349-34B4-418D-A320-A0CB82172ABF}"
EndProject
Project("{9A19103F-16F7-4668-BE54-9A1E7A4F7556}") = "MySqlUi", "MySqlUi\MySqlUi.csproj", "{CCCA6DED-6114-48DE-B292-7DEF395E4BBB}"
EndProject
Project("{9A19103F-16F7-4668-BE54-9A1E7A4F7556}") = "MongoDbUI", "MongoDbUI\MongoDbUI.csproj", "{AC5D9F35-FDD5-4DB7-A1AC-87FFB661EF80}"
EndProject
Project("{FAE04EC0-301F-11D3-BF4B-00C04F79EFBC}") = "LiteDbUI", "LiteDbUI\LiteDbUI.csproj", "{5A498533-4FB7-4C5E-956E-5939E9E4DAD5}"
EndProject
Global
	GlobalSection(SolutionConfigurationPlatforms) = preSolution
		Debug|Any CPU = Debug|Any CPU
		Release|Any CPU = Release|Any CPU
	EndGlobalSection
	GlobalSection(ProjectConfigurationPlatforms) = postSolution
		{2271A4E3-64E5-4897-8D87-7E322DA79CC1}.Debug|Any CPU.ActiveCfg = Debug|Any CPU
		{2271A4E3-64E5-4897-8D87-7E322DA79CC1}.Debug|Any CPU.Build.0 = Debug|Any CPU
		{2271A4E3-64E5-4897-8D87-7E322DA79CC1}.Release|Any CPU.ActiveCfg = Release|Any CPU
		{2271A4E3-64E5-4897-8D87-7E322DA79CC1}.Release|Any CPU.Build.0 = Release|Any CPU
		{D4F5D073-587A-480F-9C90-DAFBCCCD73E5}.Debug|Any CPU.ActiveCfg = Debug|Any CPU
		{D4F5D073-587A-480F-9C90-DAFBCCCD73E5}.Debug|Any CPU.Build.0 = Debug|Any CPU
		{D4F5D073-587A-480F-9C90-DAFBCCCD73E5}.Release|Any CPU.ActiveCfg = Release|Any CPU
		{D4F5D073-587A-480F-9C90-DAFBCCCD73E5}.Release|Any CPU.Build.0 = Release|Any CPU
		{BE8E8349-34B4-418D-A320-A0CB82172ABF}.Debug|Any CPU.ActiveCfg = Debug|Any CPU
		{BE8E8349-34B4-418D-A320-A0CB82172ABF}.Debug|Any CPU.Build.0 = Debug|Any CPU
		{BE8E8349-34B4-418D-A320-A0CB82172ABF}.Release|Any CPU.ActiveCfg = Release|Any CPU
		{BE8E8349-34B4-418D-A320-A0CB82172ABF}.Release|Any CPU.Build.0 = Release|Any CPU
		{CCCA6DED-6114-48DE-B292-7DEF395E4BBB}.Debug|Any CPU.ActiveCfg = Debug|Any CPU
		{CCCA6DED-6114-48DE-B292-7DEF395E4BBB}.Debug|Any CPU.Build.0 = Debug|Any CPU
		{CCCA6DED-6114-48DE-B292-7DEF395E4BBB}.Release|Any CPU.ActiveCfg = Release|Any CPU
		{CCCA6DED-6114-48DE-B292-7DEF395E4BBB}.Release|Any CPU.Build.0 = Release|Any CPU
		{AC5D9F35-FDD5-4DB7-A1AC-87FFB661EF80}.Debug|Any CPU.ActiveCfg = Debug|Any CPU
		{AC5D9F35-FDD5-4DB7-A1AC-87FFB661EF80}.Debug|Any CPU.Build.0 = Debug|Any CPU
		{AC5D9F35-FDD5-4DB7-A1AC-87FFB661EF80}.Release|Any CPU.ActiveCfg = Release|Any CPU
		{AC5D9F35-FDD5-4DB7-A1AC-87FFB661EF80}.Release|Any CPU.Build.0 = Release|Any CPU
		{5A498533-4FB7-4C5E-956E-5939E9E4DAD5}.Debug|Any CPU.ActiveCfg = Debug|Any CPU
		{5A498533-4FB7-4C5E-956E-5939E9E4DAD5}.Debug|Any CPU.Build.0 = Debug|Any CPU
		{5A498533-4FB7-4C5E-956E-5939E9E4DAD5}.Release|Any CPU.ActiveCfg = Release|Any CPU
		{5A498533-4FB7-4C5E-956E-5939E9E4DAD5}.Release|Any CPU.Build.0 = Release|Any CPU
	EndGlobalSection
	GlobalSection(SolutionProperties) = preSolution
		HideSolutionNode = FALSE
	EndGlobalSection
	GlobalSection(ExtensibilityGlobals) = postSolution
		SolutionGuid = {9659F220-3D6A-4B83-8AFF-9D9664837CAD}
	EndGlobalSection
EndGlobal
